// !$*UTF8*$!
{
	archiveVersion = 1;
	classes = {
	};
	objectVersion = 50;
	objects = {

/* Begin PBXBuildFile section */
		359A911126661B0E0080E733 /* AppDelegate.swift in Sources */ = {isa = PBXBuildFile; fileRef = 359A911026661B0E0080E733 /* AppDelegate.swift */; };
		359A911326661B0E0080E733 /* SceneDelegate.swift in Sources */ = {isa = PBXBuildFile; fileRef = 359A911226661B0E0080E733 /* SceneDelegate.swift */; };
		359A911526661B0E0080E733 /* ViewController.swift in Sources */ = {isa = PBXBuildFile; fileRef = 359A911426661B0E0080E733 /* ViewController.swift */; };
		359A911826661B0E0080E733 /* Main.storyboard in Resources */ = {isa = PBXBuildFile; fileRef = 359A911626661B0E0080E733 /* Main.storyboard */; };
		359A911B26661B0E0080E733 /* SHMemo.xcdatamodeld in Sources */ = {isa = PBXBuildFile; fileRef = 359A911926661B0E0080E733 /* SHMemo.xcdatamodeld */; };
		359A911D26661B0F0080E733 /* Assets.xcassets in Resources */ = {isa = PBXBuildFile; fileRef = 359A911C26661B0F0080E733 /* Assets.xcassets */; };
		359A912026661B0F0080E733 /* LaunchScreen.storyboard in Resources */ = {isa = PBXBuildFile; fileRef = 359A911E26661B0F0080E733 /* LaunchScreen.storyboard */; };
/* End PBXBuildFile section */

/* Begin PBXFileReference section */
		359A910D26661B0E0080E733 /* SHMemo.app */ = {isa = PBXFileReference; explicitFileType = wrapper.application; includeInIndex = 0; path = SHMemo.app; sourceTree = BUILT_PRODUCTS_DIR; };
		359A911026661B0E0080E733 /* AppDelegate.swift */ = {isa = PBXFileReference; lastKnownFileType = sourcecode.swift; path = AppDelegate.swift; sourceTree = "<group>"; };
		359A911226661B0E0080E733 /* SceneDelegate.swift */ = {isa = PBXFileReference; lastKnownFileType = sourcecode.swift; path = SceneDelegate.swift; sourceTree = "<group>"; };
		359A911426661B0E0080E733 /* ViewController.swift */ = {isa = PBXFileReference; lastKnownFileType = sourcecode.swift; path = ViewController.swift; sourceTree = "<group>"; };
		359A911726661B0E0080E733 /* Base */ = {isa = PBXFileReference; lastKnownFileType = file.storyboard; name = Base; path = Base.lproj/Main.storyboard; sourceTree = "<group>"; };
		359A911A26661B0E0080E733 /* SHMemo.xcdatamodel */ = {isa = PBXFileReference; lastKnownFileType = wrapper.xcdatamodel; path = SHMemo.xcdatamodel; sourceTree = "<group>"; };
		359A911C26661B0F0080E733 /* Assets.xcassets */ = {isa = PBXFileReference; lastKnownFileType = folder.assetcatalog; path = Assets.xcassets; sourceTree = "<group>"; };
		359A911F26661B0F0080E733 /* Base */ = {isa = PBXFileReference; lastKnownFileType = file.storyboard; name = Base; path = Base.lproj/LaunchScreen.storyboard; sourceTree = "<group>"; };
		359A912126661B0F0080E733 /* Info.plist */ = {isa = PBXFileReference; lastKnownFileType = text.plist.xml; path = Info.plist; sourceTree = "<group>"; };
/* End PBXFileReference section */

/* Begin PBXFrameworksBuildPhase section */
		359A910A26661B0D0080E733 /* Frameworks */ = {
			isa = PBXFrameworksBuildPhase;
			buildActionMask = 2147483647;
			files = (
			);
			runOnlyForDeploymentPostprocessing = 0;
		};
/* End PBXFrameworksBuildPhase section */

/* Begin PBXGroup section */
		359A910426661B0D0080E733 = {
			isa = PBXGroup;
			children = (
				359A910F26661B0E0080E733 /* SHMemo */,
				359A910E26661B0E0080E733 /* Products */,
			);
			sourceTree = "<group>";
		};
		359A910E26661B0E0080E733 /* Products */ = {
			isa = PBXGroup;
			children = (
				359A910D26661B0E0080E733 /* SHMemo.app */,
			);
			name = Products;
			sourceTree = "<group>";
		};
		359A910F26661B0E0080E733 /* SHMemo */ = {
			isa = PBXGroup;
			children = (
				359A911026661B0E0080E733 /* AppDelegate.swift */,
				359A911226661B0E0080E733 /* SceneDelegate.swift */,
				359A911426661B0E0080E733 /* ViewController.swift */,
				359A911626661B0E0080E733 /* Main.storyboard */,
				359A911C26661B0F0080E733 /* Assets.xcassets */,
				359A911E26661B0F0080E733 /* LaunchScreen.storyboard */,
				359A912126661B0F0080E733 /* Info.plist */,
				359A911926661B0E0080E733 /* SHMemo.xcdatamodeld */,
			);
			path = SHMemo;
			sourceTree = "<group>";
		};
/* End PBXGroup section */

/* Begin PBXNativeTarget section */
		359A910C26661B0D0080E733 /* SHMemo */ = {
			isa = PBXNativeTarget;
			buildConfigurationList = 359A912426661B0F0080E733 /* Build configuration list for PBXNativeTarget "SHMemo" */;
			buildPhases = (
				359A910926661B0D0080E733 /* Sources */,
				359A910A26661B0D0080E733 /* Frameworks */,
				359A910B26661B0D0080E733 /* Resources */,
			);
			buildRules = (
			);
			dependencies = (
			);
			name = SHMemo;
			productName = SHMemo;
			productReference = 359A910D26661B0E0080E733 /* SHMemo.app */;
			productType = "com.apple.product-type.application";
		};
/* End PBXNativeTarget section */

/* Begin PBXProject section */
		359A910526661B0D0080E733 /* Project object */ = {
			isa = PBXProject;
			attributes = {
				LastSwiftUpdateCheck = 1250;
				LastUpgradeCheck = 1250;
				TargetAttributes = {
					359A910C26661B0D0080E733 = {
						CreatedOnToolsVersion = 12.5;
					};
				};
			};
			buildConfigurationList = 359A910826661B0D0080E733 /* Build configuration list for PBXProject "SHMemo" */;
			compatibilityVersion = "Xcode 9.3";
			developmentRegion = en;
			hasScannedForEncodings = 0;
			knownRegions = (
				en,
				Base,
			);
			mainGroup = 359A910426661B0D0080E733;
			productRefGroup = 359A910E26661B0E0080E733 /* Products */;
			projectDirPath = "";
			projectRoot = "";
			targets = (
				359A910C26661B0D0080E733 /* SHMemo */,
			);
		};
/* End PBXProject section */

/* Begin PBXResourcesBuildPhase section */
		359A910B26661B0D0080E733 /* Resources */ = {
			isa = PBXResourcesBuildPhase;
			buildActionMask = 2147483647;
			files = (
				359A912026661B0F0080E733 /* LaunchScreen.storyboard in Resources */,
				359A911D26661B0F0080E733 /* Assets.xcassets in Resources */,
				359A911826661B0E0080E733 /* Main.storyboard in Resources */,
			);
			runOnlyForDeploymentPostprocessing = 0;
		};
/* End PBXResourcesBuildPhase section */

/* Begin PBXSourcesBuildPhase section */
		359A910926661B0D0080E733 /* Sources */ = {
			isa = PBXSourcesBuildPhase;
			buildActionMask = 2147483647;
			files = (
				359A911B26661B0E0080E733 /* SHMemo.xcdatamodeld in Sources */,
				359A911526661B0E0080E733 /* ViewController.swift in Sources */,
				359A911126661B0E0080E733 /* AppDelegate.swift in Sources */,
				359A911326661B0E0080E733 /* SceneDelegate.swift in Sources */,
			);
			runOnlyForDeploymentPostprocessing = 0;
		};
/* End PBXSourcesBuildPhase section */

/* Begin PBXVariantGroup section */
		359A911626661B0E0080E733 /* Main.storyboard */ = {
			isa = PBXVariantGroup;
			children = (
				359A911726661B0E0080E733 /* Base */,
			);
			name = Main.storyboard;
			sourceTree = "<group>";
		};
		359A911E26661B0F0080E733 /* LaunchScreen.storyboard */ = {
			isa = PBXVariantGroup;
			children = (
				359A911F26661B0F0080E733 /* Base */,
			);
			name = LaunchScreen.storyboard;
			sourceTree = "<group>";
		};
/* End PBXVariantGroup section */

/* Begin XCBuildConfiguration section */
		359A912226661B0F0080E733 /* Debug */ = {
			isa = XCBuildConfiguration;
			buildSettings = {
				ALWAYS_SEARCH_USER_PATHS = NO;
				CLANG_ANALYZER_NONNULL = YES;
				CLANG_ANALYZER_NUMBER_OBJECT_CONVERSION = YES_AGGRESSIVE;
				CLANG_CXX_LANGUAGE_STANDARD = "gnu++14";
				CLANG_CXX_LIBRARY = "libc++";
				CLANG_ENABLE_MODULES = YES;
				CLANG_ENABLE_OBJC_ARC = YES;
				CLANG_ENABLE_OBJC_WEAK = YES;
				CLANG_WARN_BLOCK_CAPTURE_AUTORELEASING = YES;
				CLANG_WARN_BOOL_CONVERSION = YES;
				CLANG_WARN_COMMA = YES;
				CLANG_WARN_CONSTANT_CONVERSION = YES;
				CLANG_WARN_DEPRECATED_OBJC_IMPLEMENTATIONS = YES;
				CLANG_WARN_DIRECT_OBJC_ISA_USAGE = YES_ERROR;
				CLANG_WARN_DOCUMENTATION_COMMENTS = YES;
				CLANG_WARN_EMPTY_BODY = YES;
				CLANG_WARN_ENUM_CONVERSION = YES;
				CLANG_WARN_INFINITE_RECURSION = YES;
				CLANG_WARN_INT_CONVERSION = YES;
				CLANG_WARN_NON_LITERAL_NULL_CONVERSION = YES;
				CLANG_WARN_OBJC_IMPLICIT_RETAIN_SELF = YES;
				CLANG_WARN_OBJC_LITERAL_CONVERSION = YES;
				CLANG_WARN_OBJC_ROOT_CLASS = YES_ERROR;
				CLANG_WARN_QUOTED_INCLUDE_IN_FRAMEWORK_HEADER = YES;
				CLANG_WARN_RANGE_LOOP_ANALYSIS = YES;
				CLANG_WARN_STRICT_PROTOTYPES = YES;
				CLANG_WARN_SUSPICIOUS_MOVE = YES;
				CLANG_WARN_UNGUARDED_AVAILABILITY = YES_AGGRESSIVE;
				CLANG_WARN_UNREACHABLE_CODE = YES;
				CLANG_WARN__DUPLICATE_METHOD_MATCH = YES;
				COPY_PHASE_STRIP = NO;
				DEBUG_INFORMATION_FORMAT = dwarf;
				ENABLE_STRICT_OBJC_MSGSEND = YES;
				ENABLE_TESTABILITY = YES;
				GCC_C_LANGUAGE_STANDARD = gnu11;
				GCC_DYNAMIC_NO_PIC = NO;
				GCC_NO_COMMON_BLOCKS = YES;
				GCC_OPTIMIZATION_LEVEL = 0;
				GCC_PREPROCESSOR_DEFINITIONS = (
					"DEBUG=1",
					"$(inherited)",
				);
				GCC_WARN_64_TO_32_BIT_CONVERSION = YES;
				GCC_WARN_ABOUT_RETURN_TYPE = YES_ERROR;
				GCC_WARN_UNDECLARED_SELECTOR = YES;
				GCC_WARN_UNINITIALIZED_AUTOS = YES_AGGRESSIVE;
				GCC_WARN_UNUSED_FUNCTION = YES;
				GCC_WARN_UNUSED_VARIABLE = YES;
				IPHONEOS_DEPLOYMENT_TARGET = 14.5;
				MTL_ENABLE_DEBUG_INFO = INCLUDE_SOURCE;
				MTL_FAST_MATH = YES;
				ONLY_ACTIVE_ARCH = YES;
				SDKROOT = iphoneos;
				SWIFT_ACTIVE_COMPILATION_CONDITIONS = DEBUG;
				SWIFT_OPTIMIZATION_LEVEL = "-Onone";
			};
			name = Debug;
		};
		359A912326661B0F0080E733 /* Release */ = {
			isa = XCBuildConfiguration;
			buildSettings = {
				ALWAYS_SEARCH_USER_PATHS = NO;
				CLANG_ANALYZER_NONNULL = YES;
				CLANG_ANALYZER_NUMBER_OBJECT_CONVERSION = YES_AGGRESSIVE;
				CLANG_CXX_LANGUAGE_STANDARD = "gnu++14";
				CLANG_CXX_LIBRARY = "libc++";
				CLANG_ENABLE_MODULES = YES;
				CLANG_ENABLE_OBJC_ARC = YES;
				CLANG_ENABLE_OBJC_WEAK = YES;
				CLANG_WARN_BLOCK_CAPTURE_AUTORELEASING = YES;
				CLANG_WARN_BOOL_CONVERSION = YES;
				CLANG_WARN_COMMA = YES;
				CLANG_WARN_CONSTANT_CONVERSION = YES;
				CLANG_WARN_DEPRECATED_OBJC_IMPLEMENTATIONS = YES;
				CLANG_WARN_DIRECT_OBJC_ISA_USAGE = YES_ERROR;
				CLANG_WARN_DOCUMENTATION_COMMENTS = YES;
				CLANG_WARN_EMPTY_BODY = YES;
				CLANG_WARN_ENUM_CONVERSION = YES;
				CLANG_WARN_INFINITE_RECURSION = YES;
				CLANG_WARN_INT_CONVERSION = YES;
				CLANG_WARN_NON_LITERAL_NULL_CONVERSION = YES;
				CLANG_WARN_OBJC_IMPLICIT_RETAIN_SELF = YES;
				CLANG_WARN_OBJC_LITERAL_CONVERSION = YES;
				CLANG_WARN_OBJC_ROOT_CLASS = YES_ERROR;
				CLANG_WARN_QUOTED_INCLUDE_IN_FRAMEWORK_HEADER = YES;
				CLANG_WARN_RANGE_LOOP_ANALYSIS = YES;
				CLANG_WARN_STRICT_PROTOTYPES = YES;
				CLANG_WARN_SUSPICIOUS_MOVE = YES;
				CLANG_WARN_UNGUARDED_AVAILABILITY = YES_AGGRESSIVE;
				CLANG_WARN_UNREACHABLE_CODE = YES;
				CLANG_WARN__DUPLICATE_METHOD_MATCH = YES;
				COPY_PHASE_STRIP = NO;
				DEBUG_INFORMATION_FORMAT = "dwarf-with-dsym";
				ENABLE_NS_ASSERTIONS = NO;
				ENABLE_STRICT_OBJC_MSGSEND = YES;
				GCC_C_LANGUAGE_STANDARD = gnu11;
				GCC_NO_COMMON_BLOCKS = YES;
				GCC_WARN_64_TO_32_BIT_CONVERSION = YES;
				GCC_WARN_ABOUT_RETURN_TYPE = YES_ERROR;
				GCC_WARN_UNDECLARED_SELECTOR = YES;
				GCC_WARN_UNINITIALIZED_AUTOS = YES_AGGRESSIVE;
				GCC_WARN_UNUSED_FUNCTION = YES;
				GCC_WARN_UNUSED_VARIABLE = YES;
				IPHONEOS_DEPLOYMENT_TARGET = 14.5;
				MTL_ENABLE_DEBUG_INFO = NO;
				MTL_FAST_MATH = YES;
				SDKROOT = iphoneos;
				SWIFT_COMPILATION_MODE = wholemodule;
				SWIFT_OPTIMIZATION_LEVEL = "-O";
				VALIDATE_PRODUCT = YES;
			};
			name = Release;
		};
		359A912526661B0F0080E733 /* Debug */ = {
			isa = XCBuildConfiguration;
			buildSettings = {
				ASSETCATALOG_COMPILER_APPICON_NAME = AppIcon;
				ASSETCATALOG_COMPILER_GLOBAL_ACCENT_COLOR_NAME = AccentColor;
				CODE_SIGN_STYLE = Automatic;
				DEVELOPMENT_TEAM = 96H5TT55S4;
				INFOPLIST_FILE = SHMemo/Info.plist;
				LD_RUNPATH_SEARCH_PATHS = (
					"$(inherited)",
					"@executable_path/Frameworks",
				);
				PRODUCT_BUNDLE_IDENTIFIER = none.SHMemo;
				PRODUCT_NAME = "$(TARGET_NAME)";
				SWIFT_VERSION = 5.0;
				TARGETED_DEVICE_FAMILY = "1,2";
			};
			name = Debug;
		};
		359A912626661B0F0080E733 /* Release */ = {
			isa = XCBuildConfiguration;
			buildSettings = {
				ASSETCATALOG_COMPILER_APPICON_NAME = AppIcon;
				ASSETCATALOG_COMPILER_GLOBAL_ACCENT_COLOR_NAME = AccentColor;
				CODE_SIGN_STYLE = Automatic;
				DEVELOPMENT_TEAM = 96H5TT55S4;
				INFOPLIST_FILE = SHMemo/Info.plist;
				LD_RUNPATH_SEARCH_PATHS = (
					"$(inherited)",
					"@executable_path/Frameworks",
				);
				PRODUCT_BUNDLE_IDENTIFIER = none.SHMemo;
				PRODUCT_NAME = "$(TARGET_NAME)";
				SWIFT_VERSION = 5.0;
				TARGETED_DEVICE_FAMILY = "1,2";
			};
			name = Release;
		};
/* End XCBuildConfiguration section */

/* Begin XCConfigurationList section */
		359A910826661B0D0080E733 /* Build configuration list for PBXProject "SHMemo" */ = {
			isa = XCConfigurationList;
			buildConfigurations = (
				359A912226661B0F0080E733 /* Debug */,
				359A912326661B0F0080E733 /* Release */,
			);
			defaultConfigurationIsVisible = 0;
			defaultConfigurationName = Release;
		};
		359A912426661B0F0080E733 /* Build configuration list for PBXNativeTarget "SHMemo" */ = {
			isa = XCConfigurationList;
			buildConfigurations = (
				359A912526661B0F0080E733 /* Debug */,
				359A912626661B0F0080E733 /* Release */,
			);
			defaultConfigurationIsVisible = 0;
			defaultConfigurationName = Release;
		};
/* End XCConfigurationList section */

/* Begin XCVersionGroup section */
		359A911926661B0E0080E733 /* SHMemo.xcdatamodeld */ = {
			isa = XCVersionGroup;
			children = (
				359A911A26661B0E0080E733 /* SHMemo.xcdatamodel */,
			);
			currentVersion = 359A911A26661B0E0080E733 /* SHMemo.xcdatamodel */;
			path = SHMemo.xcdatamodeld;
			sourceTree = "<group>";
			versionGroupType = wrapper.xcdatamodel;
		};
/* End XCVersionGroup section */
	};
	rootObject = 359A910526661B0D0080E733 /* Project object */;
}
