// !$*UTF8*$!
{
	archiveVersion = 1;
	classes = {
	};
	objectVersion = 55;
	objects = {

/* Begin PBXBuildFile section */
		351E1E3D27291BFF00DFEA9E /* Notification.swift in Sources */ = {isa = PBXBuildFile; fileRef = 351E1E3C27291BFF00DFEA9E /* Notification.swift */; };
		35373BCC272A845700127532 /* SearchPostCell.swift in Sources */ = {isa = PBXBuildFile; fileRef = 35373BCB272A845700127532 /* SearchPostCell.swift */; };
		35373BCF272AE16500127532 /* MessagesViewController.swift in Sources */ = {isa = PBXBuildFile; fileRef = 35373BCE272AE16400127532 /* MessagesViewController.swift */; };
		35373BD2272AE37700127532 /* MessageCell.swift in Sources */ = {isa = PBXBuildFile; fileRef = 35373BD1272AE37600127532 /* MessageCell.swift */; };
		35373BD4272B996700127532 /* NewMessageController.swift in Sources */ = {isa = PBXBuildFile; fileRef = 35373BD3272B996700127532 /* NewMessageController.swift */; };
		35373BD6272B9ADB00127532 /* NewMessageCell.swift in Sources */ = {isa = PBXBuildFile; fileRef = 35373BD5272B9ADB00127532 /* NewMessageCell.swift */; };
		35373BD8272BC8D900127532 /* Message.swift in Sources */ = {isa = PBXBuildFile; fileRef = 35373BD7272BC8D900127532 /* Message.swift */; };
		35373BDA272BCA6D00127532 /* ChatController.swift in Sources */ = {isa = PBXBuildFile; fileRef = 35373BD9272BCA6D00127532 /* ChatController.swift */; };
		35373BDC272BCB5A00127532 /* ChatCell.swift in Sources */ = {isa = PBXBuildFile; fileRef = 35373BDB272BCB5900127532 /* ChatCell.swift */; };
		35427D59271D7222007FE420 /* MainTabViewController.swift in Sources */ = {isa = PBXBuildFile; fileRef = 35427D58271D7222007FE420 /* MainTabViewController.swift */; };
		35427D5B271D78BC007FE420 /* FeedViewController.swift in Sources */ = {isa = PBXBuildFile; fileRef = 35427D5A271D78BC007FE420 /* FeedViewController.swift */; };
		35427D5D271D78E1007FE420 /* SearchViewController.swift in Sources */ = {isa = PBXBuildFile; fileRef = 35427D5C271D78E1007FE420 /* SearchViewController.swift */; };
		35427D5F271D78FA007FE420 /* UploadPostViewController.swift in Sources */ = {isa = PBXBuildFile; fileRef = 35427D5E271D78FA007FE420 /* UploadPostViewController.swift */; };
		35427D61271D795E007FE420 /* NotificationViewController.swift in Sources */ = {isa = PBXBuildFile; fileRef = 35427D60271D795E007FE420 /* NotificationViewController.swift */; };
		35427D63271D7981007FE420 /* UserProfileViewController.swift in Sources */ = {isa = PBXBuildFile; fileRef = 35427D62271D7981007FE420 /* UserProfileViewController.swift */; };
		35427D6B271EB1D3007FE420 /* UserProfileHeader.swift in Sources */ = {isa = PBXBuildFile; fileRef = 35427D6A271EB1D3007FE420 /* UserProfileHeader.swift */; };
		35427D6D271EEA5B007FE420 /* User.swift in Sources */ = {isa = PBXBuildFile; fileRef = 35427D6C271EEA5B007FE420 /* User.swift */; };
		35427D6F271F9D35007FE420 /* SearchUserTableViewCell.swift in Sources */ = {isa = PBXBuildFile; fileRef = 35427D6E271F9D35007FE420 /* SearchUserTableViewCell.swift */; };
		35427D712720486D007FE420 /* Constants.swift in Sources */ = {isa = PBXBuildFile; fileRef = 35427D702720486D007FE420 /* Constants.swift */; };
		35427D732720496F007FE420 /* Protocols.swift in Sources */ = {isa = PBXBuildFile; fileRef = 35427D722720496F007FE420 /* Protocols.swift */; };
		35427D752720F885007FE420 /* FollowLikeViewController.swift in Sources */ = {isa = PBXBuildFile; fileRef = 35427D742720F885007FE420 /* FollowLikeViewController.swift */; };
		35427D772720F8E7007FE420 /* FollowLikeCell.swift in Sources */ = {isa = PBXBuildFile; fileRef = 35427D762720F8E7007FE420 /* FollowLikeCell.swift */; };
		35427D7927215EE2007FE420 /* SelectImageViewController.swift in Sources */ = {isa = PBXBuildFile; fileRef = 35427D7827215EE2007FE420 /* SelectImageViewController.swift */; };
		35427D7B27215F70007FE420 /* SelectPhotoCell.swift in Sources */ = {isa = PBXBuildFile; fileRef = 35427D7A27215F70007FE420 /* SelectPhotoCell.swift */; };
		35427D7D27215FAA007FE420 /* SelectPhotoHeader.swift in Sources */ = {isa = PBXBuildFile; fileRef = 35427D7C27215FAA007FE420 /* SelectPhotoHeader.swift */; };
		355825DE27158E380063D9FD /* AppDelegate.swift in Sources */ = {isa = PBXBuildFile; fileRef = 355825DD27158E380063D9FD /* AppDelegate.swift */; };
		355825E027158E380063D9FD /* SceneDelegate.swift in Sources */ = {isa = PBXBuildFile; fileRef = 355825DF27158E380063D9FD /* SceneDelegate.swift */; };
		355825E527158E380063D9FD /* Main.storyboard in Resources */ = {isa = PBXBuildFile; fileRef = 355825E327158E380063D9FD /* Main.storyboard */; };
		355825E727158E3B0063D9FD /* Assets.xcassets in Resources */ = {isa = PBXBuildFile; fileRef = 355825E627158E3B0063D9FD /* Assets.xcassets */; };
		355825EA27158E3B0063D9FD /* LaunchScreen.storyboard in Resources */ = {isa = PBXBuildFile; fileRef = 355825E827158E3B0063D9FD /* LaunchScreen.storyboard */; };
		355825F527158EC00063D9FD /* LoginViewController.swift in Sources */ = {isa = PBXBuildFile; fileRef = 355825F427158EC00063D9FD /* LoginViewController.swift */; };
		355825F8271591030063D9FD /* Extensions.swift in Sources */ = {isa = PBXBuildFile; fileRef = 355825F7271591030063D9FD /* Extensions.swift */; };
		355825FB271592280063D9FD /* SnapKit in Frameworks */ = {isa = PBXBuildFile; productRef = 355825FA271592280063D9FD /* SnapKit */; };
		355825FE271593040063D9FD /* Then in Frameworks */ = {isa = PBXBuildFile; productRef = 355825FD271593040063D9FD /* Then */; };
		355B43F427224EBB009FBBB8 /* Post.swift in Sources */ = {isa = PBXBuildFile; fileRef = 355B43F327224EBB009FBBB8 /* Post.swift */; };
		355B43F627227AD3009FBBB8 /* UserPostCell.swift in Sources */ = {isa = PBXBuildFile; fileRef = 355B43F527227AD3009FBBB8 /* UserPostCell.swift */; };
		355B43F827228393009FBBB8 /* CustomImageView.swift in Sources */ = {isa = PBXBuildFile; fileRef = 355B43F727228393009FBBB8 /* CustomImageView.swift */; };
		355B43FA27228B73009FBBB8 /* FeedCell.swift in Sources */ = {isa = PBXBuildFile; fileRef = 355B43F927228B73009FBBB8 /* FeedCell.swift */; };
		3564AD392727CA8B00493D07 /* CommentViewController.swift in Sources */ = {isa = PBXBuildFile; fileRef = 3564AD382727CA8B00493D07 /* CommentViewController.swift */; };
		3564AD3B2727CB8C00493D07 /* CommentCell.swift in Sources */ = {isa = PBXBuildFile; fileRef = 3564AD3A2727CB8C00493D07 /* CommentCell.swift */; };
		356CDF192716A4AD002FED76 /* SignUpViewController.swift in Sources */ = {isa = PBXBuildFile; fileRef = 356CDF182716A4AD002FED76 /* SignUpViewController.swift */; };
		356CDF1B2716C792002FED76 /* GoogleService-Info.plist in Resources */ = {isa = PBXBuildFile; fileRef = 356CDF1A2716C792002FED76 /* GoogleService-Info.plist */; };
		35D5C1BB2727FA2C00D8F3FB /* Comment.swift in Sources */ = {isa = PBXBuildFile; fileRef = 35D5C1BA2727FA2C00D8F3FB /* Comment.swift */; };
		35D5C1BD2728104400D8F3FB /* NotificationCell.swift in Sources */ = {isa = PBXBuildFile; fileRef = 35D5C1BC2728104400D8F3FB /* NotificationCell.swift */; };
		BF2F4D0CBAD15422A6D15BAF /* Pods_instagramClone.framework in Frameworks */ = {isa = PBXBuildFile; fileRef = 78F990628770FB03903E4911 /* Pods_instagramClone.framework */; };
/* End PBXBuildFile section */

/* Begin PBXFileReference section */
		351E1E3C27291BFF00DFEA9E /* Notification.swift */ = {isa = PBXFileReference; lastKnownFileType = sourcecode.swift; path = Notification.swift; sourceTree = "<group>"; };
		35373BCB272A845700127532 /* SearchPostCell.swift */ = {isa = PBXFileReference; lastKnownFileType = sourcecode.swift; path = SearchPostCell.swift; sourceTree = "<group>"; };
		35373BCE272AE16400127532 /* MessagesViewController.swift */ = {isa = PBXFileReference; lastKnownFileType = sourcecode.swift; path = MessagesViewController.swift; sourceTree = "<group>"; };
		35373BD1272AE37600127532 /* MessageCell.swift */ = {isa = PBXFileReference; lastKnownFileType = sourcecode.swift; path = MessageCell.swift; sourceTree = "<group>"; };
		35373BD3272B996700127532 /* NewMessageController.swift */ = {isa = PBXFileReference; lastKnownFileType = sourcecode.swift; path = NewMessageController.swift; sourceTree = "<group>"; };
		35373BD5272B9ADB00127532 /* NewMessageCell.swift */ = {isa = PBXFileReference; lastKnownFileType = sourcecode.swift; path = NewMessageCell.swift; sourceTree = "<group>"; };
		35373BD7272BC8D900127532 /* Message.swift */ = {isa = PBXFileReference; lastKnownFileType = sourcecode.swift; path = Message.swift; sourceTree = "<group>"; };
		35373BD9272BCA6D00127532 /* ChatController.swift */ = {isa = PBXFileReference; lastKnownFileType = sourcecode.swift; path = ChatController.swift; sourceTree = "<group>"; };
		35373BDB272BCB5900127532 /* ChatCell.swift */ = {isa = PBXFileReference; lastKnownFileType = sourcecode.swift; path = ChatCell.swift; sourceTree = "<group>"; };
		35427D58271D7222007FE420 /* MainTabViewController.swift */ = {isa = PBXFileReference; lastKnownFileType = sourcecode.swift; path = MainTabViewController.swift; sourceTree = "<group>"; };
		35427D5A271D78BC007FE420 /* FeedViewController.swift */ = {isa = PBXFileReference; lastKnownFileType = sourcecode.swift; path = FeedViewController.swift; sourceTree = "<group>"; };
		35427D5C271D78E1007FE420 /* SearchViewController.swift */ = {isa = PBXFileReference; lastKnownFileType = sourcecode.swift; path = SearchViewController.swift; sourceTree = "<group>"; };
		35427D5E271D78FA007FE420 /* UploadPostViewController.swift */ = {isa = PBXFileReference; lastKnownFileType = sourcecode.swift; path = UploadPostViewController.swift; sourceTree = "<group>"; };
		35427D60271D795E007FE420 /* NotificationViewController.swift */ = {isa = PBXFileReference; lastKnownFileType = sourcecode.swift; path = NotificationViewController.swift; sourceTree = "<group>"; };
		35427D62271D7981007FE420 /* UserProfileViewController.swift */ = {isa = PBXFileReference; lastKnownFileType = sourcecode.swift; path = UserProfileViewController.swift; sourceTree = "<group>"; };
		35427D6A271EB1D3007FE420 /* UserProfileHeader.swift */ = {isa = PBXFileReference; lastKnownFileType = sourcecode.swift; path = UserProfileHeader.swift; sourceTree = "<group>"; };
		35427D6C271EEA5B007FE420 /* User.swift */ = {isa = PBXFileReference; lastKnownFileType = sourcecode.swift; path = User.swift; sourceTree = "<group>"; };
		35427D6E271F9D35007FE420 /* SearchUserTableViewCell.swift */ = {isa = PBXFileReference; lastKnownFileType = sourcecode.swift; path = SearchUserTableViewCell.swift; sourceTree = "<group>"; };
		35427D702720486D007FE420 /* Constants.swift */ = {isa = PBXFileReference; lastKnownFileType = sourcecode.swift; path = Constants.swift; sourceTree = "<group>"; };
		35427D722720496F007FE420 /* Protocols.swift */ = {isa = PBXFileReference; lastKnownFileType = sourcecode.swift; path = Protocols.swift; sourceTree = "<group>"; };
		35427D742720F885007FE420 /* FollowLikeViewController.swift */ = {isa = PBXFileReference; lastKnownFileType = sourcecode.swift; path = FollowLikeViewController.swift; sourceTree = "<group>"; };
		35427D762720F8E7007FE420 /* FollowLikeCell.swift */ = {isa = PBXFileReference; lastKnownFileType = sourcecode.swift; path = FollowLikeCell.swift; sourceTree = "<group>"; };
		35427D7827215EE2007FE420 /* SelectImageViewController.swift */ = {isa = PBXFileReference; lastKnownFileType = sourcecode.swift; path = SelectImageViewController.swift; sourceTree = "<group>"; };
		35427D7A27215F70007FE420 /* SelectPhotoCell.swift */ = {isa = PBXFileReference; lastKnownFileType = sourcecode.swift; path = SelectPhotoCell.swift; sourceTree = "<group>"; };
		35427D7C27215FAA007FE420 /* SelectPhotoHeader.swift */ = {isa = PBXFileReference; lastKnownFileType = sourcecode.swift; path = SelectPhotoHeader.swift; sourceTree = "<group>"; };
		355825DA27158E380063D9FD /* instagramClone.app */ = {isa = PBXFileReference; explicitFileType = wrapper.application; includeInIndex = 0; path = instagramClone.app; sourceTree = BUILT_PRODUCTS_DIR; };
		355825DD27158E380063D9FD /* AppDelegate.swift */ = {isa = PBXFileReference; lastKnownFileType = sourcecode.swift; path = AppDelegate.swift; sourceTree = "<group>"; };
		355825DF27158E380063D9FD /* SceneDelegate.swift */ = {isa = PBXFileReference; lastKnownFileType = sourcecode.swift; path = SceneDelegate.swift; sourceTree = "<group>"; };
		355825E427158E380063D9FD /* Base */ = {isa = PBXFileReference; lastKnownFileType = file.storyboard; name = Base; path = Base.lproj/Main.storyboard; sourceTree = "<group>"; };
		355825E627158E3B0063D9FD /* Assets.xcassets */ = {isa = PBXFileReference; lastKnownFileType = folder.assetcatalog; path = Assets.xcassets; sourceTree = "<group>"; };
		355825E927158E3B0063D9FD /* Base */ = {isa = PBXFileReference; lastKnownFileType = file.storyboard; name = Base; path = Base.lproj/LaunchScreen.storyboard; sourceTree = "<group>"; };
		355825EB27158E3B0063D9FD /* Info.plist */ = {isa = PBXFileReference; lastKnownFileType = text.plist.xml; path = Info.plist; sourceTree = "<group>"; };
		355825F427158EC00063D9FD /* LoginViewController.swift */ = {isa = PBXFileReference; lastKnownFileType = sourcecode.swift; path = LoginViewController.swift; sourceTree = "<group>"; };
		355825F7271591030063D9FD /* Extensions.swift */ = {isa = PBXFileReference; lastKnownFileType = sourcecode.swift; path = Extensions.swift; sourceTree = "<group>"; };
		355B43F327224EBB009FBBB8 /* Post.swift */ = {isa = PBXFileReference; lastKnownFileType = sourcecode.swift; path = Post.swift; sourceTree = "<group>"; };
		355B43F527227AD3009FBBB8 /* UserPostCell.swift */ = {isa = PBXFileReference; lastKnownFileType = sourcecode.swift; path = UserPostCell.swift; sourceTree = "<group>"; };
		355B43F727228393009FBBB8 /* CustomImageView.swift */ = {isa = PBXFileReference; lastKnownFileType = sourcecode.swift; path = CustomImageView.swift; sourceTree = "<group>"; };
		355B43F927228B73009FBBB8 /* FeedCell.swift */ = {isa = PBXFileReference; lastKnownFileType = sourcecode.swift; path = FeedCell.swift; sourceTree = "<group>"; };
		3564AD382727CA8B00493D07 /* CommentViewController.swift */ = {isa = PBXFileReference; lastKnownFileType = sourcecode.swift; path = CommentViewController.swift; sourceTree = "<group>"; };
		3564AD3A2727CB8C00493D07 /* CommentCell.swift */ = {isa = PBXFileReference; lastKnownFileType = sourcecode.swift; path = CommentCell.swift; sourceTree = "<group>"; };
		356CDF182716A4AD002FED76 /* SignUpViewController.swift */ = {isa = PBXFileReference; lastKnownFileType = sourcecode.swift; path = SignUpViewController.swift; sourceTree = "<group>"; };
		356CDF1A2716C792002FED76 /* GoogleService-Info.plist */ = {isa = PBXFileReference; fileEncoding = 4; lastKnownFileType = text.plist.xml; path = "GoogleService-Info.plist"; sourceTree = "<group>"; };
		35D5C1BA2727FA2C00D8F3FB /* Comment.swift */ = {isa = PBXFileReference; lastKnownFileType = sourcecode.swift; path = Comment.swift; sourceTree = "<group>"; };
		35D5C1BC2728104400D8F3FB /* NotificationCell.swift */ = {isa = PBXFileReference; lastKnownFileType = sourcecode.swift; path = NotificationCell.swift; sourceTree = "<group>"; };
		78F990628770FB03903E4911 /* Pods_instagramClone.framework */ = {isa = PBXFileReference; explicitFileType = wrapper.framework; includeInIndex = 0; path = Pods_instagramClone.framework; sourceTree = BUILT_PRODUCTS_DIR; };
		B58A6096D10266263340D9C3 /* Pods-instagramClone.debug.xcconfig */ = {isa = PBXFileReference; includeInIndex = 1; lastKnownFileType = text.xcconfig; name = "Pods-instagramClone.debug.xcconfig"; path = "Target Support Files/Pods-instagramClone/Pods-instagramClone.debug.xcconfig"; sourceTree = "<group>"; };
		D94105D7938219C089065AD6 /* Pods-instagramClone.release.xcconfig */ = {isa = PBXFileReference; includeInIndex = 1; lastKnownFileType = text.xcconfig; name = "Pods-instagramClone.release.xcconfig"; path = "Target Support Files/Pods-instagramClone/Pods-instagramClone.release.xcconfig"; sourceTree = "<group>"; };
/* End PBXFileReference section */

/* Begin PBXFrameworksBuildPhase section */
		355825D727158E380063D9FD /* Frameworks */ = {
			isa = PBXFrameworksBuildPhase;
			buildActionMask = 2147483647;
			files = (
				355825FB271592280063D9FD /* SnapKit in Frameworks */,
				355825FE271593040063D9FD /* Then in Frameworks */,
				BF2F4D0CBAD15422A6D15BAF /* Pods_instagramClone.framework in Frameworks */,
			);
			runOnlyForDeploymentPostprocessing = 0;
		};
/* End PBXFrameworksBuildPhase section */

/* Begin PBXGroup section */
		35373BCD272AE13700127532 /* Messages */ = {
			isa = PBXGroup;
			children = (
				35373BCE272AE16400127532 /* MessagesViewController.swift */,
				35373BD3272B996700127532 /* NewMessageController.swift */,
				35373BD9272BCA6D00127532 /* ChatController.swift */,
			);
			path = Messages;
			sourceTree = "<group>";
		};
		35373BD0272AE35700127532 /* Messages */ = {
			isa = PBXGroup;
			children = (
				35373BD1272AE37600127532 /* MessageCell.swift */,
				35373BD5272B9ADB00127532 /* NewMessageCell.swift */,
				35373BDB272BCB5900127532 /* ChatCell.swift */,
			);
			path = Messages;
			sourceTree = "<group>";
		};
		35373BDD272BD01000127532 /* Social */ = {
			isa = PBXGroup;
			children = (
				35427D6A271EB1D3007FE420 /* UserProfileHeader.swift */,
				35427D6E271F9D35007FE420 /* SearchUserTableViewCell.swift */,
				35427D762720F8E7007FE420 /* FollowLikeCell.swift */,
				35427D7C27215FAA007FE420 /* SelectPhotoHeader.swift */,
				35427D7A27215F70007FE420 /* SelectPhotoCell.swift */,
				355B43F527227AD3009FBBB8 /* UserPostCell.swift */,
				355B43F927228B73009FBBB8 /* FeedCell.swift */,
				3564AD3A2727CB8C00493D07 /* CommentCell.swift */,
				35D5C1BC2728104400D8F3FB /* NotificationCell.swift */,
				35373BCB272A845700127532 /* SearchPostCell.swift */,
			);
			path = Social;
			sourceTree = "<group>";
		};
		35427D64271EAE3E007FE420 /* Login */ = {
			isa = PBXGroup;
			children = (
				355825F427158EC00063D9FD /* LoginViewController.swift */,
				356CDF182716A4AD002FED76 /* SignUpViewController.swift */,
			);
			path = Login;
			sourceTree = "<group>";
		};
		35427D65271EAE4E007FE420 /* Feed */ = {
			isa = PBXGroup;
			children = (
				35427D5A271D78BC007FE420 /* FeedViewController.swift */,
				3564AD382727CA8B00493D07 /* CommentViewController.swift */,
			);
			path = Feed;
			sourceTree = "<group>";
		};
		35427D66271EAE58007FE420 /* UploadPost */ = {
			isa = PBXGroup;
			children = (
				35427D5E271D78FA007FE420 /* UploadPostViewController.swift */,
				35427D7827215EE2007FE420 /* SelectImageViewController.swift */,
			);
			path = UploadPost;
			sourceTree = "<group>";
		};
		35427D67271EAE69007FE420 /* Search */ = {
			isa = PBXGroup;
			children = (
				35427D5C271D78E1007FE420 /* SearchViewController.swift */,
			);
			path = Search;
			sourceTree = "<group>";
		};
		35427D68271EAE7F007FE420 /* Notification */ = {
			isa = PBXGroup;
			children = (
				35427D60271D795E007FE420 /* NotificationViewController.swift */,
			);
			path = Notification;
			sourceTree = "<group>";
		};
		35427D69271EAE87007FE420 /* UserProfile */ = {
			isa = PBXGroup;
			children = (
				35427D62271D7981007FE420 /* UserProfileViewController.swift */,
				35427D742720F885007FE420 /* FollowLikeViewController.swift */,
			);
			path = UserProfile;
			sourceTree = "<group>";
		};
		355825D127158E380063D9FD = {
			isa = PBXGroup;
			children = (
				355825DC27158E380063D9FD /* instagramClone */,
				355825DB27158E380063D9FD /* Products */,
				409F19D8C15BB6DD015385A1 /* Pods */,
				3C58DC265AC8D0132D1AE1D9 /* Frameworks */,
			);
			sourceTree = "<group>";
		};
		355825DB27158E380063D9FD /* Products */ = {
			isa = PBXGroup;
			children = (
				355825DA27158E380063D9FD /* instagramClone.app */,
			);
			name = Products;
			sourceTree = "<group>";
		};
		355825DC27158E380063D9FD /* instagramClone */ = {
			isa = PBXGroup;
			children = (
				355825F6271590E90063D9FD /* Utils */,
				355825F327158E840063D9FD /* View */,
				355825F227158E7A0063D9FD /* Model */,
				355825F127158E6B0063D9FD /* Controller */,
				35427D58271D7222007FE420 /* MainTabViewController.swift */,
				355825DD27158E380063D9FD /* AppDelegate.swift */,
				355825DF27158E380063D9FD /* SceneDelegate.swift */,
				355825E327158E380063D9FD /* Main.storyboard */,
				355825E627158E3B0063D9FD /* Assets.xcassets */,
				355825E827158E3B0063D9FD /* LaunchScreen.storyboard */,
				355825EB27158E3B0063D9FD /* Info.plist */,
				356CDF1A2716C792002FED76 /* GoogleService-Info.plist */,
			);
			path = instagramClone;
			sourceTree = "<group>";
		};
		355825F127158E6B0063D9FD /* Controller */ = {
			isa = PBXGroup;
			children = (
				35427D64271EAE3E007FE420 /* Login */,
				35427D65271EAE4E007FE420 /* Feed */,
				35427D67271EAE69007FE420 /* Search */,
				35427D66271EAE58007FE420 /* UploadPost */,
				35427D68271EAE7F007FE420 /* Notification */,
				35427D69271EAE87007FE420 /* UserProfile */,
				35373BCD272AE13700127532 /* Messages */,
			);
			path = Controller;
			sourceTree = "<group>";
		};
		355825F227158E7A0063D9FD /* Model */ = {
			isa = PBXGroup;
			children = (
				35427D6C271EEA5B007FE420 /* User.swift */,
				355B43F327224EBB009FBBB8 /* Post.swift */,
				35D5C1BA2727FA2C00D8F3FB /* Comment.swift */,
				351E1E3C27291BFF00DFEA9E /* Notification.swift */,
				35373BD7272BC8D900127532 /* Message.swift */,
			);
			path = Model;
			sourceTree = "<group>";
		};
		355825F327158E840063D9FD /* View */ = {
			isa = PBXGroup;
			children = (
				35373BDD272BD01000127532 /* Social */,
				35373BD0272AE35700127532 /* Messages */,
			);
			path = View;
			sourceTree = "<group>";
		};
		355825F6271590E90063D9FD /* Utils */ = {
			isa = PBXGroup;
			children = (
				355825F7271591030063D9FD /* Extensions.swift */,
				35427D702720486D007FE420 /* Constants.swift */,
				35427D722720496F007FE420 /* Protocols.swift */,
				355B43F727228393009FBBB8 /* CustomImageView.swift */,
			);
			path = Utils;
			sourceTree = "<group>";
		};
		3C58DC265AC8D0132D1AE1D9 /* Frameworks */ = {
			isa = PBXGroup;
			children = (
				78F990628770FB03903E4911 /* Pods_instagramClone.framework */,
			);
			name = Frameworks;
			sourceTree = "<group>";
		};
		409F19D8C15BB6DD015385A1 /* Pods */ = {
			isa = PBXGroup;
			children = (
				B58A6096D10266263340D9C3 /* Pods-instagramClone.debug.xcconfig */,
				D94105D7938219C089065AD6 /* Pods-instagramClone.release.xcconfig */,
			);
			path = Pods;
			sourceTree = "<group>";
		};
/* End PBXGroup section */

/* Begin PBXNativeTarget section */
		355825D927158E380063D9FD /* instagramClone */ = {
			isa = PBXNativeTarget;
			buildConfigurationList = 355825EE27158E3B0063D9FD /* Build configuration list for PBXNativeTarget "instagramClone" */;
			buildPhases = (
				F41411E6605B8BE6D286022A /* [CP] Check Pods Manifest.lock */,
				355825D627158E380063D9FD /* Sources */,
				355825D727158E380063D9FD /* Frameworks */,
				355825D827158E380063D9FD /* Resources */,
				0959342388184621279C09C3 /* [CP] Embed Pods Frameworks */,
			);
			buildRules = (
			);
			dependencies = (
			);
			name = instagramClone;
			packageProductDependencies = (
				355825FA271592280063D9FD /* SnapKit */,
				355825FD271593040063D9FD /* Then */,
			);
			productName = instagramClone;
			productReference = 355825DA27158E380063D9FD /* instagramClone.app */;
			productType = "com.apple.product-type.application";
		};
/* End PBXNativeTarget section */

/* Begin PBXProject section */
		355825D227158E380063D9FD /* Project object */ = {
			isa = PBXProject;
			attributes = {
				BuildIndependentTargetsInParallel = 1;
				LastSwiftUpdateCheck = 1300;
				LastUpgradeCheck = 1300;
				TargetAttributes = {
					355825D927158E380063D9FD = {
						CreatedOnToolsVersion = 13.0;
					};
				};
			};
			buildConfigurationList = 355825D527158E380063D9FD /* Build configuration list for PBXProject "instagramClone" */;
			compatibilityVersion = "Xcode 13.0";
			developmentRegion = en;
			hasScannedForEncodings = 0;
			knownRegions = (
				en,
				Base,
			);
			mainGroup = 355825D127158E380063D9FD;
			packageReferences = (
				355825F9271592270063D9FD /* XCRemoteSwiftPackageReference "SnapKit" */,
				355825FC271593040063D9FD /* XCRemoteSwiftPackageReference "Then" */,
			);
			productRefGroup = 355825DB27158E380063D9FD /* Products */;
			projectDirPath = "";
			projectRoot = "";
			targets = (
				355825D927158E380063D9FD /* instagramClone */,
			);
		};
/* End PBXProject section */

/* Begin PBXResourcesBuildPhase section */
		355825D827158E380063D9FD /* Resources */ = {
			isa = PBXResourcesBuildPhase;
			buildActionMask = 2147483647;
			files = (
				355825EA27158E3B0063D9FD /* LaunchScreen.storyboard in Resources */,
				355825E727158E3B0063D9FD /* Assets.xcassets in Resources */,
				355825E527158E380063D9FD /* Main.storyboard in Resources */,
				356CDF1B2716C792002FED76 /* GoogleService-Info.plist in Resources */,
			);
			runOnlyForDeploymentPostprocessing = 0;
		};
/* End PBXResourcesBuildPhase section */

/* Begin PBXShellScriptBuildPhase section */
		0959342388184621279C09C3 /* [CP] Embed Pods Frameworks */ = {
			isa = PBXShellScriptBuildPhase;
			buildActionMask = 2147483647;
			files = (
			);
			inputFileListPaths = (
				"${PODS_ROOT}/Target Support Files/Pods-instagramClone/Pods-instagramClone-frameworks-${CONFIGURATION}-input-files.xcfilelist",
			);
			name = "[CP] Embed Pods Frameworks";
			outputFileListPaths = (
				"${PODS_ROOT}/Target Support Files/Pods-instagramClone/Pods-instagramClone-frameworks-${CONFIGURATION}-output-files.xcfilelist",
			);
			runOnlyForDeploymentPostprocessing = 0;
			shellPath = /bin/sh;
			shellScript = "\"${PODS_ROOT}/Target Support Files/Pods-instagramClone/Pods-instagramClone-frameworks.sh\"\n";
			showEnvVarsInLog = 0;
		};
		F41411E6605B8BE6D286022A /* [CP] Check Pods Manifest.lock */ = {
			isa = PBXShellScriptBuildPhase;
			buildActionMask = 2147483647;
			files = (
			);
			inputFileListPaths = (
			);
			inputPaths = (
				"${PODS_PODFILE_DIR_PATH}/Podfile.lock",
				"${PODS_ROOT}/Manifest.lock",
			);
			name = "[CP] Check Pods Manifest.lock";
			outputFileListPaths = (
			);
			outputPaths = (
				"$(DERIVED_FILE_DIR)/Pods-instagramClone-checkManifestLockResult.txt",
			);
			runOnlyForDeploymentPostprocessing = 0;
			shellPath = /bin/sh;
			shellScript = "diff \"${PODS_PODFILE_DIR_PATH}/Podfile.lock\" \"${PODS_ROOT}/Manifest.lock\" > /dev/null\nif [ $? != 0 ] ; then\n    # print error to STDERR\n    echo \"error: The sandbox is not in sync with the Podfile.lock. Run 'pod install' or update your CocoaPods installation.\" >&2\n    exit 1\nfi\n# This output is used by Xcode 'outputs' to avoid re-running this script phase.\necho \"SUCCESS\" > \"${SCRIPT_OUTPUT_FILE_0}\"\n";
			showEnvVarsInLog = 0;
		};
/* End PBXShellScriptBuildPhase section */

/* Begin PBXSourcesBuildPhase section */
		355825D627158E380063D9FD /* Sources */ = {
			isa = PBXSourcesBuildPhase;
			buildActionMask = 2147483647;
			files = (
				3564AD392727CA8B00493D07 /* CommentViewController.swift in Sources */,
				35373BDA272BCA6D00127532 /* ChatController.swift in Sources */,
				35427D6D271EEA5B007FE420 /* User.swift in Sources */,
				35373BDC272BCB5A00127532 /* ChatCell.swift in Sources */,
				355B43F827228393009FBBB8 /* CustomImageView.swift in Sources */,
				35D5C1BB2727FA2C00D8F3FB /* Comment.swift in Sources */,
				355B43F427224EBB009FBBB8 /* Post.swift in Sources */,
				35427D61271D795E007FE420 /* NotificationViewController.swift in Sources */,
				355825F527158EC00063D9FD /* LoginViewController.swift in Sources */,
				355825DE27158E380063D9FD /* AppDelegate.swift in Sources */,
				35427D712720486D007FE420 /* Constants.swift in Sources */,
				35427D7927215EE2007FE420 /* SelectImageViewController.swift in Sources */,
				35427D752720F885007FE420 /* FollowLikeViewController.swift in Sources */,
				35373BD2272AE37700127532 /* MessageCell.swift in Sources */,
				35427D6B271EB1D3007FE420 /* UserProfileHeader.swift in Sources */,
				35427D5D271D78E1007FE420 /* SearchViewController.swift in Sources */,
				355825E027158E380063D9FD /* SceneDelegate.swift in Sources */,
				355825F8271591030063D9FD /* Extensions.swift in Sources */,
				3564AD3B2727CB8C00493D07 /* CommentCell.swift in Sources */,
				356CDF192716A4AD002FED76 /* SignUpViewController.swift in Sources */,
				355B43F627227AD3009FBBB8 /* UserPostCell.swift in Sources */,
				35427D5F271D78FA007FE420 /* UploadPostViewController.swift in Sources */,
				35427D59271D7222007FE420 /* MainTabViewController.swift in Sources */,
				35373BD8272BC8D900127532 /* Message.swift in Sources */,
				35427D7D27215FAA007FE420 /* SelectPhotoHeader.swift in Sources */,
				35373BCC272A845700127532 /* SearchPostCell.swift in Sources */,
				35D5C1BD2728104400D8F3FB /* NotificationCell.swift in Sources */,
				35427D6F271F9D35007FE420 /* SearchUserTableViewCell.swift in Sources */,
				35427D63271D7981007FE420 /* UserProfileViewController.swift in Sources */,
				35427D5B271D78BC007FE420 /* FeedViewController.swift in Sources */,
				35373BCF272AE16500127532 /* MessagesViewController.swift in Sources */,
				355B43FA27228B73009FBBB8 /* FeedCell.swift in Sources */,
				351E1E3D27291BFF00DFEA9E /* Notification.swift in Sources */,
				35373BD4272B996700127532 /* NewMessageController.swift in Sources */,
				35427D772720F8E7007FE420 /* FollowLikeCell.swift in Sources */,
				35373BD6272B9ADB00127532 /* NewMessageCell.swift in Sources */,
				35427D7B27215F70007FE420 /* SelectPhotoCell.swift in Sources */,
				35427D732720496F007FE420 /* Protocols.swift in Sources */,
			);
			runOnlyForDeploymentPostprocessing = 0;
		};
/* End PBXSourcesBuildPhase section */

/* Begin PBXVariantGroup section */
		355825E327158E380063D9FD /* Main.storyboard */ = {
			isa = PBXVariantGroup;
			children = (
				355825E427158E380063D9FD /* Base */,
			);
			name = Main.storyboard;
			sourceTree = "<group>";
		};
		355825E827158E3B0063D9FD /* LaunchScreen.storyboard */ = {
			isa = PBXVariantGroup;
			children = (
				355825E927158E3B0063D9FD /* Base */,
			);
			name = LaunchScreen.storyboard;
			sourceTree = "<group>";
		};
/* End PBXVariantGroup section */

/* Begin XCBuildConfiguration section */
		355825EC27158E3B0063D9FD /* Debug */ = {
			isa = XCBuildConfiguration;
			buildSettings = {
				ALWAYS_SEARCH_USER_PATHS = NO;
				CLANG_ANALYZER_NONNULL = YES;
				CLANG_ANALYZER_NUMBER_OBJECT_CONVERSION = YES_AGGRESSIVE;
				CLANG_CXX_LANGUAGE_STANDARD = "gnu++17";
				CLANG_CXX_LIBRARY = "libc++";
				CLANG_ENABLE_MODULES = YES;
				CLANG_ENABLE_OBJC_ARC = YES;
				CLANG_ENABLE_OBJC_WEAK = YES;
				CLANG_WARN_BLOCK_CAPTURE_AUTORELEASING = YES;
				CLANG_WARN_BOOL_CONVERSION = YES;
				CLANG_WARN_COMMA = YES;
				CLANG_WARN_CONSTANT_CONVERSION = YES;
				CLANG_WARN_DEPRECATED_OBJC_IMPLEMENTATIONS = YES;
				CLANG_WARN_DIRECT_OBJC_ISA_USAGE = YES_ERROR;
				CLANG_WARN_DOCUMENTATION_COMMENTS = YES;
				CLANG_WARN_EMPTY_BODY = YES;
				CLANG_WARN_ENUM_CONVERSION = YES;
				CLANG_WARN_INFINITE_RECURSION = YES;
				CLANG_WARN_INT_CONVERSION = YES;
				CLANG_WARN_NON_LITERAL_NULL_CONVERSION = YES;
				CLANG_WARN_OBJC_IMPLICIT_RETAIN_SELF = YES;
				CLANG_WARN_OBJC_LITERAL_CONVERSION = YES;
				CLANG_WARN_OBJC_ROOT_CLASS = YES_ERROR;
				CLANG_WARN_QUOTED_INCLUDE_IN_FRAMEWORK_HEADER = YES;
				CLANG_WARN_RANGE_LOOP_ANALYSIS = YES;
				CLANG_WARN_STRICT_PROTOTYPES = YES;
				CLANG_WARN_SUSPICIOUS_MOVE = YES;
				CLANG_WARN_UNGUARDED_AVAILABILITY = YES_AGGRESSIVE;
				CLANG_WARN_UNREACHABLE_CODE = YES;
				CLANG_WARN__DUPLICATE_METHOD_MATCH = YES;
				COPY_PHASE_STRIP = NO;
				DEBUG_INFORMATION_FORMAT = dwarf;
				ENABLE_STRICT_OBJC_MSGSEND = YES;
				ENABLE_TESTABILITY = YES;
				EXCLUDED_ARCHS = "";
				GCC_C_LANGUAGE_STANDARD = gnu11;
				GCC_DYNAMIC_NO_PIC = NO;
				GCC_NO_COMMON_BLOCKS = YES;
				GCC_OPTIMIZATION_LEVEL = 0;
				GCC_PREPROCESSOR_DEFINITIONS = (
					"DEBUG=1",
					"$(inherited)",
				);
				GCC_WARN_64_TO_32_BIT_CONVERSION = YES;
				GCC_WARN_ABOUT_RETURN_TYPE = YES_ERROR;
				GCC_WARN_UNDECLARED_SELECTOR = YES;
				GCC_WARN_UNINITIALIZED_AUTOS = YES_AGGRESSIVE;
				GCC_WARN_UNUSED_FUNCTION = YES;
				GCC_WARN_UNUSED_VARIABLE = YES;
				IPHONEOS_DEPLOYMENT_TARGET = 13.0;
				MTL_ENABLE_DEBUG_INFO = INCLUDE_SOURCE;
				MTL_FAST_MATH = YES;
				ONLY_ACTIVE_ARCH = YES;
				SDKROOT = iphoneos;
				SWIFT_ACTIVE_COMPILATION_CONDITIONS = DEBUG;
				SWIFT_OPTIMIZATION_LEVEL = "-Onone";
			};
			name = Debug;
		};
		355825ED27158E3B0063D9FD /* Release */ = {
			isa = XCBuildConfiguration;
			buildSettings = {
				ALWAYS_SEARCH_USER_PATHS = NO;
				CLANG_ANALYZER_NONNULL = YES;
				CLANG_ANALYZER_NUMBER_OBJECT_CONVERSION = YES_AGGRESSIVE;
				CLANG_CXX_LANGUAGE_STANDARD = "gnu++17";
				CLANG_CXX_LIBRARY = "libc++";
				CLANG_ENABLE_MODULES = YES;
				CLANG_ENABLE_OBJC_ARC = YES;
				CLANG_ENABLE_OBJC_WEAK = YES;
				CLANG_WARN_BLOCK_CAPTURE_AUTORELEASING = YES;
				CLANG_WARN_BOOL_CONVERSION = YES;
				CLANG_WARN_COMMA = YES;
				CLANG_WARN_CONSTANT_CONVERSION = YES;
				CLANG_WARN_DEPRECATED_OBJC_IMPLEMENTATIONS = YES;
				CLANG_WARN_DIRECT_OBJC_ISA_USAGE = YES_ERROR;
				CLANG_WARN_DOCUMENTATION_COMMENTS = YES;
				CLANG_WARN_EMPTY_BODY = YES;
				CLANG_WARN_ENUM_CONVERSION = YES;
				CLANG_WARN_INFINITE_RECURSION = YES;
				CLANG_WARN_INT_CONVERSION = YES;
				CLANG_WARN_NON_LITERAL_NULL_CONVERSION = YES;
				CLANG_WARN_OBJC_IMPLICIT_RETAIN_SELF = YES;
				CLANG_WARN_OBJC_LITERAL_CONVERSION = YES;
				CLANG_WARN_OBJC_ROOT_CLASS = YES_ERROR;
				CLANG_WARN_QUOTED_INCLUDE_IN_FRAMEWORK_HEADER = YES;
				CLANG_WARN_RANGE_LOOP_ANALYSIS = YES;
				CLANG_WARN_STRICT_PROTOTYPES = YES;
				CLANG_WARN_SUSPICIOUS_MOVE = YES;
				CLANG_WARN_UNGUARDED_AVAILABILITY = YES_AGGRESSIVE;
				CLANG_WARN_UNREACHABLE_CODE = YES;
				CLANG_WARN__DUPLICATE_METHOD_MATCH = YES;
				COPY_PHASE_STRIP = NO;
				DEBUG_INFORMATION_FORMAT = "dwarf-with-dsym";
				ENABLE_NS_ASSERTIONS = NO;
				ENABLE_STRICT_OBJC_MSGSEND = YES;
				EXCLUDED_ARCHS = "";
				GCC_C_LANGUAGE_STANDARD = gnu11;
				GCC_NO_COMMON_BLOCKS = YES;
				GCC_WARN_64_TO_32_BIT_CONVERSION = YES;
				GCC_WARN_ABOUT_RETURN_TYPE = YES_ERROR;
				GCC_WARN_UNDECLARED_SELECTOR = YES;
				GCC_WARN_UNINITIALIZED_AUTOS = YES_AGGRESSIVE;
				GCC_WARN_UNUSED_FUNCTION = YES;
				GCC_WARN_UNUSED_VARIABLE = YES;
				IPHONEOS_DEPLOYMENT_TARGET = 13.0;
				MTL_ENABLE_DEBUG_INFO = NO;
				MTL_FAST_MATH = YES;
				SDKROOT = iphoneos;
				SWIFT_COMPILATION_MODE = wholemodule;
				SWIFT_OPTIMIZATION_LEVEL = "-O";
				VALIDATE_PRODUCT = YES;
			};
			name = Release;
		};
		355825EF27158E3B0063D9FD /* Debug */ = {
			isa = XCBuildConfiguration;
			baseConfigurationReference = B58A6096D10266263340D9C3 /* Pods-instagramClone.debug.xcconfig */;
			buildSettings = {
				ASSETCATALOG_COMPILER_APPICON_NAME = AppIcon;
				ASSETCATALOG_COMPILER_GLOBAL_ACCENT_COLOR_NAME = AccentColor;
				CODE_SIGN_STYLE = Automatic;
				CURRENT_PROJECT_VERSION = 1;
				DEVELOPMENT_TEAM = 96H5TT55S4;
				GENERATE_INFOPLIST_FILE = YES;
				INFOPLIST_FILE = instagramClone/Info.plist;
				INFOPLIST_KEY_UIApplicationSupportsIndirectInputEvents = YES;
				INFOPLIST_KEY_UILaunchStoryboardName = LaunchScreen;
				INFOPLIST_KEY_UIMainStoryboardFile = Main;
				INFOPLIST_KEY_UISupportedInterfaceOrientations_iPad = "UIInterfaceOrientationPortrait UIInterfaceOrientationPortraitUpsideDown UIInterfaceOrientationLandscapeLeft UIInterfaceOrientationLandscapeRight";
				INFOPLIST_KEY_UISupportedInterfaceOrientations_iPhone = "UIInterfaceOrientationPortrait UIInterfaceOrientationLandscapeLeft UIInterfaceOrientationLandscapeRight";
				IPHONEOS_DEPLOYMENT_TARGET = 13.0;
				LD_RUNPATH_SEARCH_PATHS = (
					"$(inherited)",
					"@executable_path/Frameworks",
				);
				MARKETING_VERSION = 1.0;
				PRODUCT_BUNDLE_IDENTIFIER = com.derek1119.instagramClone;
				PRODUCT_NAME = "$(TARGET_NAME)";
				SWIFT_EMIT_LOC_STRINGS = YES;
				SWIFT_VERSION = 5.0;
				TARGETED_DEVICE_FAMILY = 1;
			};
			name = Debug;
		};
		355825F027158E3B0063D9FD /* Release */ = {
			isa = XCBuildConfiguration;
			baseConfigurationReference = D94105D7938219C089065AD6 /* Pods-instagramClone.release.xcconfig */;
			buildSettings = {
				ASSETCATALOG_COMPILER_APPICON_NAME = AppIcon;
				ASSETCATALOG_COMPILER_GLOBAL_ACCENT_COLOR_NAME = AccentColor;
				CODE_SIGN_STYLE = Automatic;
				CURRENT_PROJECT_VERSION = 1;
				DEVELOPMENT_TEAM = 96H5TT55S4;
				GENERATE_INFOPLIST_FILE = YES;
				INFOPLIST_FILE = instagramClone/Info.plist;
				INFOPLIST_KEY_UIApplicationSupportsIndirectInputEvents = YES;
				INFOPLIST_KEY_UILaunchStoryboardName = LaunchScreen;
				INFOPLIST_KEY_UIMainStoryboardFile = Main;
				INFOPLIST_KEY_UISupportedInterfaceOrientations_iPad = "UIInterfaceOrientationPortrait UIInterfaceOrientationPortraitUpsideDown UIInterfaceOrientationLandscapeLeft UIInterfaceOrientationLandscapeRight";
				INFOPLIST_KEY_UISupportedInterfaceOrientations_iPhone = "UIInterfaceOrientationPortrait UIInterfaceOrientationLandscapeLeft UIInterfaceOrientationLandscapeRight";
				IPHONEOS_DEPLOYMENT_TARGET = 13.0;
				LD_RUNPATH_SEARCH_PATHS = (
					"$(inherited)",
					"@executable_path/Frameworks",
				);
				MARKETING_VERSION = 1.0;
				PRODUCT_BUNDLE_IDENTIFIER = com.derek1119.instagramClone;
				PRODUCT_NAME = "$(TARGET_NAME)";
				SWIFT_EMIT_LOC_STRINGS = YES;
				SWIFT_VERSION = 5.0;
				TARGETED_DEVICE_FAMILY = 1;
			};
			name = Release;
		};
/* End XCBuildConfiguration section */

/* Begin XCConfigurationList section */
		355825D527158E380063D9FD /* Build configuration list for PBXProject "instagramClone" */ = {
			isa = XCConfigurationList;
			buildConfigurations = (
				355825EC27158E3B0063D9FD /* Debug */,
				355825ED27158E3B0063D9FD /* Release */,
			);
			defaultConfigurationIsVisible = 0;
			defaultConfigurationName = Release;
		};
		355825EE27158E3B0063D9FD /* Build configuration list for PBXNativeTarget "instagramClone" */ = {
			isa = XCConfigurationList;
			buildConfigurations = (
				355825EF27158E3B0063D9FD /* Debug */,
				355825F027158E3B0063D9FD /* Release */,
			);
			defaultConfigurationIsVisible = 0;
			defaultConfigurationName = Release;
		};
/* End XCConfigurationList section */

/* Begin XCRemoteSwiftPackageReference section */
		355825F9271592270063D9FD /* XCRemoteSwiftPackageReference "SnapKit" */ = {
			isa = XCRemoteSwiftPackageReference;
			repositoryURL = "https://github.com/SnapKit/SnapKit.git";
			requirement = {
				kind = upToNextMajorVersion;
				minimumVersion = 5.0.0;
			};
		};
		355825FC271593040063D9FD /* XCRemoteSwiftPackageReference "Then" */ = {
			isa = XCRemoteSwiftPackageReference;
			repositoryURL = "https://github.com/devxoul/Then";
			requirement = {
				kind = upToNextMajorVersion;
				minimumVersion = 2.0.0;
			};
		};
/* End XCRemoteSwiftPackageReference section */

/* Begin XCSwiftPackageProductDependency section */
		355825FA271592280063D9FD /* SnapKit */ = {
			isa = XCSwiftPackageProductDependency;
			package = 355825F9271592270063D9FD /* XCRemoteSwiftPackageReference "SnapKit" */;
			productName = SnapKit;
		};
		355825FD271593040063D9FD /* Then */ = {
			isa = XCSwiftPackageProductDependency;
			package = 355825FC271593040063D9FD /* XCRemoteSwiftPackageReference "Then" */;
			productName = Then;
		};
/* End XCSwiftPackageProductDependency section */
	};
	rootObject = 355825D227158E380063D9FD /* Project object */;
}
